
Microsoft Visual Studio Solution File, Format Version 11.00
# Visual Studio 2010
Project("{FAE04EC0-301F-11D3-BF4B-00C04F79EFBC}") = "ShittyPracticeGroup", "ShittyPracticeGroup\ShittyPracticeGroup\ShittyPracticeGroup.csproj", "{B87E55ED-8476-4BB3-B140-870BF125F370}"
EndProject
Project("{96E2B04D-8817-42C6-938A-82C39BA4D311}") = "ShittyPracticeGroupContent", "ShittyPracticeGroup\ShittyPracticeGroupContent\ShittyPracticeGroupContent.contentproj", "{ABD73A24-6912-4726-93C8-595452B17CA6}"
EndProject
Global
	GlobalSection(SolutionConfigurationPlatforms) = preSolution
		Debug|x86 = Debug|x86
		Release|x86 = Release|x86
	EndGlobalSection
	GlobalSection(ProjectConfigurationPlatforms) = postSolution
		{B87E55ED-8476-4BB3-B140-870BF125F370}.Debug|x86.ActiveCfg = Debug|x86
		{B87E55ED-8476-4BB3-B140-870BF125F370}.Debug|x86.Build.0 = Debug|x86
		{B87E55ED-8476-4BB3-B140-870BF125F370}.Release|x86.ActiveCfg = Release|x86
		{B87E55ED-8476-4BB3-B140-870BF125F370}.Release|x86.Build.0 = Release|x86
		{ABD73A24-6912-4726-93C8-595452B17CA6}.Debug|x86.ActiveCfg = Debug|x86
		{ABD73A24-6912-4726-93C8-595452B17CA6}.Release|x86.ActiveCfg = Release|x86
	EndGlobalSection
	GlobalSection(SolutionProperties) = preSolution
		HideSolutionNode = FALSE
	EndGlobalSection
EndGlobal
